
Microsoft Visual Studio Solution File, Format Version 12.00
# Visual Studio Version 17
VisualStudioVersion = 17.0.31919.166
MinimumVisualStudioVersion = 10.0.40219.1
Project("{8BC9CEB8-8B4A-11D0-8D11-00A0C91BC942}") = "Ch2Q24", "Ch2Q24\Ch2Q24.vcxproj", "{6748E18D-665A-4467-9083-828CDF764D7E}"
EndProject
Global
	GlobalSection(SolutionConfigurationPlatforms) = preSolution
		Debug|x64 = Debug|x64
		Debug|x86 = Debug|x86
		Release|x64 = Release|x64
		Release|x86 = Release|x86
	EndGlobalSection
	GlobalSection(ProjectConfigurationPlatforms) = postSolution
		{6748E18D-665A-4467-9083-828CDF764D7E}.Debug|x64.ActiveCfg = Debug|x64
		{6748E18D-665A-4467-9083-828CDF764D7E}.Debug|x64.Build.0 = Debug|x64
		{6748E18D-665A-4467-9083-828CDF764D7E}.Debug|x86.ActiveCfg = Debug|Win32
		{6748E18D-665A-4467-9083-828CDF764D7E}.Debug|x86.Build.0 = Debug|Win32
		{6748E18D-665A-4467-9083-828CDF764D7E}.Release|x64.ActiveCfg = Release|x64
		{6748E18D-665A-4467-9083-828CDF764D7E}.Release|x64.Build.0 = Release|x64
		{6748E18D-665A-4467-9083-828CDF764D7E}.Release|x86.ActiveCfg = Release|Win32
		{6748E18D-665A-4467-9083-828CDF764D7E}.Release|x86.Build.0 = Release|Win32
	EndGlobalSection
	GlobalSection(SolutionProperties) = preSolution
		HideSolutionNode = FALSE
	EndGlobalSection
	GlobalSection(ExtensibilityGlobals) = postSolution
		SolutionGuid = {DC940A23-4DEC-4D19-B751-DD24E33F5754}
	EndGlobalSection
EndGlobal
